// !$*UTF8*$!
{
	archiveVersion = 1;
	classes = {
	};
	objectVersion = 46;
	objects = {

/* Begin PBXBuildFile section */
		4D483DFABDE8C7382306C72F /* Pods_ContatosTests.framework in Frameworks */ = {isa = PBXBuildFile; fileRef = 5B40B9C9242AAF8946129D01 /* Pods_ContatosTests.framework */; };
		78D24268847DA437AC53E7EA /* Pods_ContatosUITests.framework in Frameworks */ = {isa = PBXBuildFile; fileRef = 882F4050FF42EE15805F500A /* Pods_ContatosUITests.framework */; };
		850119FD20EE436A000E93B9 /* Vila Mariana.gpx in Resources */ = {isa = PBXBuildFile; fileRef = 850119FC20EE436A000E93B9 /* Vila Mariana.gpx */; };
		850EE4EC20EBF1D500C23F60 /* ManipulaContatoDelegate.swift in Sources */ = {isa = PBXBuildFile; fileRef = 850EE4EB20EBF1D500C23F60 /* ManipulaContatoDelegate.swift */; };
		850EE4F120EC0C8300C23F60 /* Localizable.strings in Resources */ = {isa = PBXBuildFile; fileRef = 850EE4F320EC0C8300C23F60 /* Localizable.strings */; };
		850EE4F620EC127200C23F60 /* Strings+Localized.swift in Sources */ = {isa = PBXBuildFile; fileRef = 850EE4F520EC127200C23F60 /* Strings+Localized.swift */; };
		85161F4A20EAA00700377108 /* ContatoDAO.swift in Sources */ = {isa = PBXBuildFile; fileRef = 85161F4920EAA00700377108 /* ContatoDAO.swift */; };
		85161F4C20EAA78E00377108 /* ListaContatosTableViewController.swift in Sources */ = {isa = PBXBuildFile; fileRef = 85161F4B20EAA78E00377108 /* ListaContatosTableViewController.swift */; };
		8518CEC720ECF06900F4141E /* InfoPlist.strings in Resources */ = {isa = PBXBuildFile; fileRef = 8518CEC920ECF06900F4141E /* InfoPlist.strings */; };
		8518CECC20ECFB5A00F4141E /* ActionManager.swift in Sources */ = {isa = PBXBuildFile; fileRef = 8518CECB20ECFB5A00F4141E /* ActionManager.swift */; };
		8518CECE20ED49EB00F4141E /* CelulaCustomizada.swift in Sources */ = {isa = PBXBuildFile; fileRef = 8518CECD20ED49EB00F4141E /* CelulaCustomizada.swift */; };
		851B277920EF989700E637C6 /* ClimaViewController.swift in Sources */ = {isa = PBXBuildFile; fileRef = 851B277820EF989700E637C6 /* ClimaViewController.swift */; };
		851B277B20EFA6CD00E637C6 /* Clima.swift in Sources */ = {isa = PBXBuildFile; fileRef = 851B277A20EFA6CD00E637C6 /* Clima.swift */; };
		851B277D20EFBFC300E637C6 /* CLLocationCoordinate2D.swift in Sources */ = {isa = PBXBuildFile; fileRef = 851B277C20EFBFC300E637C6 /* CLLocationCoordinate2D.swift */; };
		851B277F20EFC94200E637C6 /* Api.swift in Sources */ = {isa = PBXBuildFile; fileRef = 851B277E20EFC94200E637C6 /* Api.swift */; };
		851FAB4720EEA3D800F27859 /* CoreDataUtil.swift in Sources */ = {isa = PBXBuildFile; fileRef = 851FAB4620EEA3D800F27859 /* CoreDataUtil.swift */; };
		854671C420EA5ECE003125F9 /* AppDelegate.swift in Sources */ = {isa = PBXBuildFile; fileRef = 854671C320EA5ECE003125F9 /* AppDelegate.swift */; };
		854671C620EA5ECE003125F9 /* ViewController.swift in Sources */ = {isa = PBXBuildFile; fileRef = 854671C520EA5ECE003125F9 /* ViewController.swift */; };
		854671C920EA5ECE003125F9 /* Main.storyboard in Resources */ = {isa = PBXBuildFile; fileRef = 854671C720EA5ECE003125F9 /* Main.storyboard */; };
		854671CC20EA5ECE003125F9 /* Contatos.xcdatamodeld in Sources */ = {isa = PBXBuildFile; fileRef = 854671CA20EA5ECE003125F9 /* Contatos.xcdatamodeld */; };
		854671CE20EA5ECE003125F9 /* Assets.xcassets in Resources */ = {isa = PBXBuildFile; fileRef = 854671CD20EA5ECE003125F9 /* Assets.xcassets */; };
		854671D120EA5ECE003125F9 /* LaunchScreen.storyboard in Resources */ = {isa = PBXBuildFile; fileRef = 854671CF20EA5ECE003125F9 /* LaunchScreen.storyboard */; };
		854671DC20EA5ECE003125F9 /* ContatosTests.swift in Sources */ = {isa = PBXBuildFile; fileRef = 854671DB20EA5ECE003125F9 /* ContatosTests.swift */; };
		854671E720EA5ECE003125F9 /* ContatosUITests.swift in Sources */ = {isa = PBXBuildFile; fileRef = 854671E620EA5ECE003125F9 /* ContatosUITests.swift */; };
		854671F520EA9802003125F9 /* Contato.swift in Sources */ = {isa = PBXBuildFile; fileRef = 854671F420EA9802003125F9 /* Contato.swift */; };
		85D17B6020ED6158002DDDDF /* MapsViewController.swift in Sources */ = {isa = PBXBuildFile; fileRef = 85D17B5F20ED6158002DDDDF /* MapsViewController.swift */; };
		A823D02D37D5B92C8B97FBF1 /* Pods_Contatos.framework in Frameworks */ = {isa = PBXBuildFile; fileRef = F72F9B6EF11AB11E0D6FF603 /* Pods_Contatos.framework */; };
/* End PBXBuildFile section */

/* Begin PBXContainerItemProxy section */
		854671D820EA5ECE003125F9 /* PBXContainerItemProxy */ = {
			isa = PBXContainerItemProxy;
			containerPortal = 854671B820EA5ECC003125F9 /* Project object */;
			proxyType = 1;
			remoteGlobalIDString = 854671BF20EA5ECD003125F9;
			remoteInfo = Contatos;
		};
		854671E320EA5ECE003125F9 /* PBXContainerItemProxy */ = {
			isa = PBXContainerItemProxy;
			containerPortal = 854671B820EA5ECC003125F9 /* Project object */;
			proxyType = 1;
			remoteGlobalIDString = 854671BF20EA5ECD003125F9;
			remoteInfo = Contatos;
		};
/* End PBXContainerItemProxy section */

/* Begin PBXFileReference section */
		1046A05E1722C84B411A9BD7 /* Pods-ContatosTests.debug.xcconfig */ = {isa = PBXFileReference; includeInIndex = 1; lastKnownFileType = text.xcconfig; name = "Pods-ContatosTests.debug.xcconfig"; path = "Pods/Target Support Files/Pods-ContatosTests/Pods-ContatosTests.debug.xcconfig"; sourceTree = "<group>"; };
		5B40B9C9242AAF8946129D01 /* Pods_ContatosTests.framework */ = {isa = PBXFileReference; explicitFileType = wrapper.framework; includeInIndex = 0; path = Pods_ContatosTests.framework; sourceTree = BUILT_PRODUCTS_DIR; };
		70DF7B856E93952EE735F44C /* Pods-Contatos.debug.xcconfig */ = {isa = PBXFileReference; includeInIndex = 1; lastKnownFileType = text.xcconfig; name = "Pods-Contatos.debug.xcconfig"; path = "Pods/Target Support Files/Pods-Contatos/Pods-Contatos.debug.xcconfig"; sourceTree = "<group>"; };
		850119FC20EE436A000E93B9 /* Vila Mariana.gpx */ = {isa = PBXFileReference; fileEncoding = 4; lastKnownFileType = text.xml; name = "Vila Mariana.gpx"; path = "../../../../Desktop/Caelum/67/Vila Mariana.gpx"; sourceTree = "<group>"; };
		850EE4EB20EBF1D500C23F60 /* ManipulaContatoDelegate.swift */ = {isa = PBXFileReference; fileEncoding = 4; lastKnownFileType = sourcecode.swift; path = ManipulaContatoDelegate.swift; sourceTree = "<group>"; };
		850EE4ED20EC0C1800C23F60 /* pt-BR */ = {isa = PBXFileReference; lastKnownFileType = text.plist.strings; name = "pt-BR"; path = "pt-BR.lproj/Main.strings"; sourceTree = "<group>"; };
		850EE4EE20EC0C1800C23F60 /* pt-BR */ = {isa = PBXFileReference; lastKnownFileType = text.plist.strings; name = "pt-BR"; path = "pt-BR.lproj/LaunchScreen.strings"; sourceTree = "<group>"; };
		850EE4F220EC0C8300C23F60 /* en */ = {isa = PBXFileReference; lastKnownFileType = text.plist.strings; name = en; path = en.lproj/Localizable.strings; sourceTree = "<group>"; };
		850EE4F420EC0C8700C23F60 /* pt-BR */ = {isa = PBXFileReference; lastKnownFileType = text.plist.strings; name = "pt-BR"; path = "pt-BR.lproj/Localizable.strings"; sourceTree = "<group>"; };
		850EE4F520EC127200C23F60 /* Strings+Localized.swift */ = {isa = PBXFileReference; fileEncoding = 4; lastKnownFileType = sourcecode.swift; path = "Strings+Localized.swift"; sourceTree = "<group>"; };
		85161F4920EAA00700377108 /* ContatoDAO.swift */ = {isa = PBXFileReference; fileEncoding = 4; lastKnownFileType = sourcecode.swift; path = ContatoDAO.swift; sourceTree = "<group>"; };
		85161F4B20EAA78E00377108 /* ListaContatosTableViewController.swift */ = {isa = PBXFileReference; fileEncoding = 4; lastKnownFileType = sourcecode.swift; path = ListaContatosTableViewController.swift; sourceTree = "<group>"; };
		8518CEC820ECF06900F4141E /* en */ = {isa = PBXFileReference; lastKnownFileType = text.plist.strings; name = en; path = en.lproj/InfoPlist.strings; sourceTree = "<group>"; };
		8518CECA20ECF06A00F4141E /* pt-BR */ = {isa = PBXFileReference; lastKnownFileType = text.plist.strings; name = "pt-BR"; path = "pt-BR.lproj/InfoPlist.strings"; sourceTree = "<group>"; };
		8518CECB20ECFB5A00F4141E /* ActionManager.swift */ = {isa = PBXFileReference; fileEncoding = 4; lastKnownFileType = sourcecode.swift; path = ActionManager.swift; sourceTree = "<group>"; };
		8518CECD20ED49EB00F4141E /* CelulaCustomizada.swift */ = {isa = PBXFileReference; fileEncoding = 4; lastKnownFileType = sourcecode.swift; path = CelulaCustomizada.swift; sourceTree = "<group>"; };
		851B277820EF989700E637C6 /* ClimaViewController.swift */ = {isa = PBXFileReference; fileEncoding = 4; lastKnownFileType = sourcecode.swift; path = ClimaViewController.swift; sourceTree = "<group>"; };
		851B277A20EFA6CD00E637C6 /* Clima.swift */ = {isa = PBXFileReference; fileEncoding = 4; lastKnownFileType = sourcecode.swift; path = Clima.swift; sourceTree = "<group>"; };
		851B277C20EFBFC300E637C6 /* CLLocationCoordinate2D.swift */ = {isa = PBXFileReference; fileEncoding = 4; lastKnownFileType = sourcecode.swift; path = CLLocationCoordinate2D.swift; sourceTree = "<group>"; };
		851B277E20EFC94200E637C6 /* Api.swift */ = {isa = PBXFileReference; fileEncoding = 4; lastKnownFileType = sourcecode.swift; path = Api.swift; sourceTree = "<group>"; };
		851FAB4620EEA3D800F27859 /* CoreDataUtil.swift */ = {isa = PBXFileReference; fileEncoding = 4; lastKnownFileType = sourcecode.swift; path = CoreDataUtil.swift; sourceTree = "<group>"; };
		854671C020EA5ECD003125F9 /* Contatos.app */ = {isa = PBXFileReference; explicitFileType = wrapper.application; includeInIndex = 0; path = Contatos.app; sourceTree = BUILT_PRODUCTS_DIR; };
		854671C320EA5ECE003125F9 /* AppDelegate.swift */ = {isa = PBXFileReference; lastKnownFileType = sourcecode.swift; path = AppDelegate.swift; sourceTree = "<group>"; };
		854671C520EA5ECE003125F9 /* ViewController.swift */ = {isa = PBXFileReference; lastKnownFileType = sourcecode.swift; path = ViewController.swift; sourceTree = "<group>"; };
		854671C820EA5ECE003125F9 /* Base */ = {isa = PBXFileReference; lastKnownFileType = file.storyboard; name = Base; path = Base.lproj/Main.storyboard; sourceTree = "<group>"; };
		854671CB20EA5ECE003125F9 /* Contatos.xcdatamodel */ = {isa = PBXFileReference; lastKnownFileType = wrapper.xcdatamodel; path = Contatos.xcdatamodel; sourceTree = "<group>"; };
		854671CD20EA5ECE003125F9 /* Assets.xcassets */ = {isa = PBXFileReference; lastKnownFileType = folder.assetcatalog; path = Assets.xcassets; sourceTree = "<group>"; };
		854671D020EA5ECE003125F9 /* Base */ = {isa = PBXFileReference; lastKnownFileType = file.storyboard; name = Base; path = Base.lproj/LaunchScreen.storyboard; sourceTree = "<group>"; };
		854671D220EA5ECE003125F9 /* Info.plist */ = {isa = PBXFileReference; lastKnownFileType = text.plist.xml; path = Info.plist; sourceTree = "<group>"; };
		854671D720EA5ECE003125F9 /* ContatosTests.xctest */ = {isa = PBXFileReference; explicitFileType = wrapper.cfbundle; includeInIndex = 0; path = ContatosTests.xctest; sourceTree = BUILT_PRODUCTS_DIR; };
		854671DB20EA5ECE003125F9 /* ContatosTests.swift */ = {isa = PBXFileReference; lastKnownFileType = sourcecode.swift; path = ContatosTests.swift; sourceTree = "<group>"; };
		854671DD20EA5ECE003125F9 /* Info.plist */ = {isa = PBXFileReference; lastKnownFileType = text.plist.xml; path = Info.plist; sourceTree = "<group>"; };
		854671E220EA5ECE003125F9 /* ContatosUITests.xctest */ = {isa = PBXFileReference; explicitFileType = wrapper.cfbundle; includeInIndex = 0; path = ContatosUITests.xctest; sourceTree = BUILT_PRODUCTS_DIR; };
		854671E620EA5ECE003125F9 /* ContatosUITests.swift */ = {isa = PBXFileReference; lastKnownFileType = sourcecode.swift; path = ContatosUITests.swift; sourceTree = "<group>"; };
		854671E820EA5ECE003125F9 /* Info.plist */ = {isa = PBXFileReference; lastKnownFileType = text.plist.xml; path = Info.plist; sourceTree = "<group>"; };
		854671F420EA9802003125F9 /* Contato.swift */ = {isa = PBXFileReference; fileEncoding = 4; lastKnownFileType = sourcecode.swift; path = Contato.swift; sourceTree = "<group>"; };
		85D17B5F20ED6158002DDDDF /* MapsViewController.swift */ = {isa = PBXFileReference; fileEncoding = 4; lastKnownFileType = sourcecode.swift; path = MapsViewController.swift; sourceTree = "<group>"; };
		882F4050FF42EE15805F500A /* Pods_ContatosUITests.framework */ = {isa = PBXFileReference; explicitFileType = wrapper.framework; includeInIndex = 0; path = Pods_ContatosUITests.framework; sourceTree = BUILT_PRODUCTS_DIR; };
		94CF521E54E1B662BA262BF9 /* Pods-Contatos.release.xcconfig */ = {isa = PBXFileReference; includeInIndex = 1; lastKnownFileType = text.xcconfig; name = "Pods-Contatos.release.xcconfig"; path = "Pods/Target Support Files/Pods-Contatos/Pods-Contatos.release.xcconfig"; sourceTree = "<group>"; };
		A1290F42667B421064450259 /* Pods-ContatosUITests.release.xcconfig */ = {isa = PBXFileReference; includeInIndex = 1; lastKnownFileType = text.xcconfig; name = "Pods-ContatosUITests.release.xcconfig"; path = "Pods/Target Support Files/Pods-ContatosUITests/Pods-ContatosUITests.release.xcconfig"; sourceTree = "<group>"; };
		A655F9EA05981F13CB19BDB0 /* Pods-ContatosUITests.debug.xcconfig */ = {isa = PBXFileReference; includeInIndex = 1; lastKnownFileType = text.xcconfig; name = "Pods-ContatosUITests.debug.xcconfig"; path = "Pods/Target Support Files/Pods-ContatosUITests/Pods-ContatosUITests.debug.xcconfig"; sourceTree = "<group>"; };
		CD491F732FAEF5084B09087A /* Pods-ContatosTests.release.xcconfig */ = {isa = PBXFileReference; includeInIndex = 1; lastKnownFileType = text.xcconfig; name = "Pods-ContatosTests.release.xcconfig"; path = "Pods/Target Support Files/Pods-ContatosTests/Pods-ContatosTests.release.xcconfig"; sourceTree = "<group>"; };
		F72F9B6EF11AB11E0D6FF603 /* Pods_Contatos.framework */ = {isa = PBXFileReference; explicitFileType = wrapper.framework; includeInIndex = 0; path = Pods_Contatos.framework; sourceTree = BUILT_PRODUCTS_DIR; };
/* End PBXFileReference section */

/* Begin PBXFrameworksBuildPhase section */
		854671BD20EA5ECD003125F9 /* Frameworks */ = {
			isa = PBXFrameworksBuildPhase;
			buildActionMask = 2147483647;
			files = (
				A823D02D37D5B92C8B97FBF1 /* Pods_Contatos.framework in Frameworks */,
			);
			runOnlyForDeploymentPostprocessing = 0;
		};
		854671D420EA5ECE003125F9 /* Frameworks */ = {
			isa = PBXFrameworksBuildPhase;
			buildActionMask = 2147483647;
			files = (
				4D483DFABDE8C7382306C72F /* Pods_ContatosTests.framework in Frameworks */,
			);
			runOnlyForDeploymentPostprocessing = 0;
		};
		854671DF20EA5ECE003125F9 /* Frameworks */ = {
			isa = PBXFrameworksBuildPhase;
			buildActionMask = 2147483647;
			files = (
				78D24268847DA437AC53E7EA /* Pods_ContatosUITests.framework in Frameworks */,
			);
			runOnlyForDeploymentPostprocessing = 0;
		};
/* End PBXFrameworksBuildPhase section */

/* Begin PBXGroup section */
		5BA2B557C2AC0088C274285F /* Pods */ = {
			isa = PBXGroup;
			children = (
				70DF7B856E93952EE735F44C /* Pods-Contatos.debug.xcconfig */,
				94CF521E54E1B662BA262BF9 /* Pods-Contatos.release.xcconfig */,
				1046A05E1722C84B411A9BD7 /* Pods-ContatosTests.debug.xcconfig */,
				CD491F732FAEF5084B09087A /* Pods-ContatosTests.release.xcconfig */,
				A655F9EA05981F13CB19BDB0 /* Pods-ContatosUITests.debug.xcconfig */,
				A1290F42667B421064450259 /* Pods-ContatosUITests.release.xcconfig */,
			);
			name = Pods;
			sourceTree = "<group>";
		};
		854671B720EA5ECC003125F9 = {
			isa = PBXGroup;
			children = (
				854671C220EA5ECD003125F9 /* Contatos */,
				854671DA20EA5ECE003125F9 /* ContatosTests */,
				854671E520EA5ECE003125F9 /* ContatosUITests */,
				854671C120EA5ECD003125F9 /* Products */,
				5BA2B557C2AC0088C274285F /* Pods */,
				F282DB5EED02EC6CB0D1DA1F /* Frameworks */,
			);
			sourceTree = "<group>";
		};
		854671C120EA5ECD003125F9 /* Products */ = {
			isa = PBXGroup;
			children = (
				854671C020EA5ECD003125F9 /* Contatos.app */,
				854671D720EA5ECE003125F9 /* ContatosTests.xctest */,
				854671E220EA5ECE003125F9 /* ContatosUITests.xctest */,
			);
			name = Products;
			sourceTree = "<group>";
		};
		854671C220EA5ECD003125F9 /* Contatos */ = {
			isa = PBXGroup;
			children = (
				850119FC20EE436A000E93B9 /* Vila Mariana.gpx */,
				854671C320EA5ECE003125F9 /* AppDelegate.swift */,
				854671C520EA5ECE003125F9 /* ViewController.swift */,
				854671C720EA5ECE003125F9 /* Main.storyboard */,
				85161F4B20EAA78E00377108 /* ListaContatosTableViewController.swift */,
				854671CD20EA5ECE003125F9 /* Assets.xcassets */,
				854671CF20EA5ECE003125F9 /* LaunchScreen.storyboard */,
				854671D220EA5ECE003125F9 /* Info.plist */,
				854671CA20EA5ECE003125F9 /* Contatos.xcdatamodeld */,
				854671F420EA9802003125F9 /* Contato.swift */,
				85161F4920EAA00700377108 /* ContatoDAO.swift */,
				850EE4EB20EBF1D500C23F60 /* ManipulaContatoDelegate.swift */,
				850EE4F320EC0C8300C23F60 /* Localizable.strings */,
				850EE4F520EC127200C23F60 /* Strings+Localized.swift */,
				8518CEC920ECF06900F4141E /* InfoPlist.strings */,
				8518CECB20ECFB5A00F4141E /* ActionManager.swift */,
				8518CECD20ED49EB00F4141E /* CelulaCustomizada.swift */,
				85D17B5F20ED6158002DDDDF /* MapsViewController.swift */,
				851FAB4620EEA3D800F27859 /* CoreDataUtil.swift */,
				851B277820EF989700E637C6 /* ClimaViewController.swift */,
				851B277A20EFA6CD00E637C6 /* Clima.swift */,
				851B277C20EFBFC300E637C6 /* CLLocationCoordinate2D.swift */,
				851B277E20EFC94200E637C6 /* Api.swift */,
			);
			path = Contatos;
			sourceTree = "<group>";
		};
		854671DA20EA5ECE003125F9 /* ContatosTests */ = {
			isa = PBXGroup;
			children = (
				854671DB20EA5ECE003125F9 /* ContatosTests.swift */,
				854671DD20EA5ECE003125F9 /* Info.plist */,
			);
			path = ContatosTests;
			sourceTree = "<group>";
		};
		854671E520EA5ECE003125F9 /* ContatosUITests */ = {
			isa = PBXGroup;
			children = (
				854671E620EA5ECE003125F9 /* ContatosUITests.swift */,
				854671E820EA5ECE003125F9 /* Info.plist */,
			);
			path = ContatosUITests;
			sourceTree = "<group>";
		};
		F282DB5EED02EC6CB0D1DA1F /* Frameworks */ = {
			isa = PBXGroup;
			children = (
				F72F9B6EF11AB11E0D6FF603 /* Pods_Contatos.framework */,
				5B40B9C9242AAF8946129D01 /* Pods_ContatosTests.framework */,
				882F4050FF42EE15805F500A /* Pods_ContatosUITests.framework */,
			);
			name = Frameworks;
			sourceTree = "<group>";
		};
/* End PBXGroup section */

/* Begin PBXNativeTarget section */
		854671BF20EA5ECD003125F9 /* Contatos */ = {
			isa = PBXNativeTarget;
			buildConfigurationList = 854671EB20EA5ECE003125F9 /* Build configuration list for PBXNativeTarget "Contatos" */;
			buildPhases = (
				46E39F5FEF2DC14ABC0951C9 /* [CP] Check Pods Manifest.lock */,
				854671BC20EA5ECD003125F9 /* Sources */,
				854671BD20EA5ECD003125F9 /* Frameworks */,
				854671BE20EA5ECD003125F9 /* Resources */,
				0C921E5CFA010B1CA53AE52A /* [CP] Embed Pods Frameworks */,
				B7F10926AFB90B32A022E32D /* [CP] Copy Pods Resources */,
			);
			buildRules = (
			);
			dependencies = (
			);
			name = Contatos;
			productName = Contatos;
			productReference = 854671C020EA5ECD003125F9 /* Contatos.app */;
			productType = "com.apple.product-type.application";
		};
		854671D620EA5ECE003125F9 /* ContatosTests */ = {
			isa = PBXNativeTarget;
			buildConfigurationList = 854671EE20EA5ECE003125F9 /* Build configuration list for PBXNativeTarget "ContatosTests" */;
			buildPhases = (
				42A673E5AEE81C170F190D58 /* [CP] Check Pods Manifest.lock */,
				854671D320EA5ECE003125F9 /* Sources */,
				854671D420EA5ECE003125F9 /* Frameworks */,
				854671D520EA5ECE003125F9 /* Resources */,
				7850AAFDB4224525A93FB620 /* [CP] Embed Pods Frameworks */,
				5261417E6249A919B04C68CA /* [CP] Copy Pods Resources */,
			);
			buildRules = (
			);
			dependencies = (
				854671D920EA5ECE003125F9 /* PBXTargetDependency */,
			);
			name = ContatosTests;
			productName = ContatosTests;
			productReference = 854671D720EA5ECE003125F9 /* ContatosTests.xctest */;
			productType = "com.apple.product-type.bundle.unit-test";
		};
		854671E120EA5ECE003125F9 /* ContatosUITests */ = {
			isa = PBXNativeTarget;
			buildConfigurationList = 854671F120EA5ECE003125F9 /* Build configuration list for PBXNativeTarget "ContatosUITests" */;
			buildPhases = (
				F13B509A1796FE3DB244B52E /* [CP] Check Pods Manifest.lock */,
				854671DE20EA5ECE003125F9 /* Sources */,
				854671DF20EA5ECE003125F9 /* Frameworks */,
				854671E020EA5ECE003125F9 /* Resources */,
				D9ED61B09D2EC927639E311A /* [CP] Embed Pods Frameworks */,
				B7A9F6365F18685CDEEA4A2E /* [CP] Copy Pods Resources */,
			);
			buildRules = (
			);
			dependencies = (
				854671E420EA5ECE003125F9 /* PBXTargetDependency */,
			);
			name = ContatosUITests;
			productName = ContatosUITests;
			productReference = 854671E220EA5ECE003125F9 /* ContatosUITests.xctest */;
			productType = "com.apple.product-type.bundle.ui-testing";
		};
/* End PBXNativeTarget section */

/* Begin PBXProject section */
		854671B820EA5ECC003125F9 /* Project object */ = {
			isa = PBXProject;
			attributes = {
				LastSwiftUpdateCheck = 0800;
				LastUpgradeCheck = 0800;
				ORGANIZATIONNAME = ios7649;
				TargetAttributes = {
					854671BF20EA5ECD003125F9 = {
						CreatedOnToolsVersion = 8.0;
						ProvisioningStyle = Automatic;
					};
					854671D620EA5ECE003125F9 = {
						CreatedOnToolsVersion = 8.0;
						ProvisioningStyle = Automatic;
						TestTargetID = 854671BF20EA5ECD003125F9;
					};
					854671E120EA5ECE003125F9 = {
						CreatedOnToolsVersion = 8.0;
						ProvisioningStyle = Automatic;
						TestTargetID = 854671BF20EA5ECD003125F9;
					};
				};
			};
			buildConfigurationList = 854671BB20EA5ECD003125F9 /* Build configuration list for PBXProject "Contatos" */;
			compatibilityVersion = "Xcode 3.2";
			developmentRegion = English;
			hasScannedForEncodings = 0;
			knownRegions = (
				en,
				Base,
				"pt-BR",
			);
			mainGroup = 854671B720EA5ECC003125F9;
			productRefGroup = 854671C120EA5ECD003125F9 /* Products */;
			projectDirPath = "";
			projectRoot = "";
			targets = (
				854671BF20EA5ECD003125F9 /* Contatos */,
				854671D620EA5ECE003125F9 /* ContatosTests */,
				854671E120EA5ECE003125F9 /* ContatosUITests */,
			);
		};
/* End PBXProject section */

/* Begin PBXResourcesBuildPhase section */
		854671BE20EA5ECD003125F9 /* Resources */ = {
			isa = PBXResourcesBuildPhase;
			buildActionMask = 2147483647;
			files = (
				854671D120EA5ECE003125F9 /* LaunchScreen.storyboard in Resources */,
				850EE4F120EC0C8300C23F60 /* Localizable.strings in Resources */,
				850119FD20EE436A000E93B9 /* Vila Mariana.gpx in Resources */,
				854671CE20EA5ECE003125F9 /* Assets.xcassets in Resources */,
				854671C920EA5ECE003125F9 /* Main.storyboard in Resources */,
				8518CEC720ECF06900F4141E /* InfoPlist.strings in Resources */,
			);
			runOnlyForDeploymentPostprocessing = 0;
		};
		854671D520EA5ECE003125F9 /* Resources */ = {
			isa = PBXResourcesBuildPhase;
			buildActionMask = 2147483647;
			files = (
			);
			runOnlyForDeploymentPostprocessing = 0;
		};
		854671E020EA5ECE003125F9 /* Resources */ = {
			isa = PBXResourcesBuildPhase;
			buildActionMask = 2147483647;
			files = (
			);
			runOnlyForDeploymentPostprocessing = 0;
		};
/* End PBXResourcesBuildPhase section */

/* Begin PBXShellScriptBuildPhase section */
		0C921E5CFA010B1CA53AE52A /* [CP] Embed Pods Frameworks */ = {
			isa = PBXShellScriptBuildPhase;
			buildActionMask = 2147483647;
			files = (
			);
			inputPaths = (
			);
			name = "[CP] Embed Pods Frameworks";
			outputPaths = (
			);
			runOnlyForDeploymentPostprocessing = 0;
			shellPath = /bin/sh;
			shellScript = "\"${SRCROOT}/Pods/Target Support Files/Pods-Contatos/Pods-Contatos-frameworks.sh\"\n";
			showEnvVarsInLog = 0;
		};
		42A673E5AEE81C170F190D58 /* [CP] Check Pods Manifest.lock */ = {
			isa = PBXShellScriptBuildPhase;
			buildActionMask = 2147483647;
			files = (
			);
			inputPaths = (
			);
			name = "[CP] Check Pods Manifest.lock";
			outputPaths = (
			);
			runOnlyForDeploymentPostprocessing = 0;
			shellPath = /bin/sh;
			shellScript = "diff \"${PODS_PODFILE_DIR_PATH}/Podfile.lock\" \"${PODS_ROOT}/Manifest.lock\" > /dev/null\nif [ $? != 0 ] ; then\n    # print error to STDERR\n    echo \"error: The sandbox is not in sync with the Podfile.lock. Run 'pod install' or update your CocoaPods installation.\" >&2\n    exit 1\nfi\n";
			showEnvVarsInLog = 0;
		};
		46E39F5FEF2DC14ABC0951C9 /* [CP] Check Pods Manifest.lock */ = {
			isa = PBXShellScriptBuildPhase;
			buildActionMask = 2147483647;
			files = (
			);
			inputPaths = (
			);
			name = "[CP] Check Pods Manifest.lock";
			outputPaths = (
			);
			runOnlyForDeploymentPostprocessing = 0;
			shellPath = /bin/sh;
			shellScript = "diff \"${PODS_PODFILE_DIR_PATH}/Podfile.lock\" \"${PODS_ROOT}/Manifest.lock\" > /dev/null\nif [ $? != 0 ] ; then\n    # print error to STDERR\n    echo \"error: The sandbox is not in sync with the Podfile.lock. Run 'pod install' or update your CocoaPods installation.\" >&2\n    exit 1\nfi\n";
			showEnvVarsInLog = 0;
		};
		5261417E6249A919B04C68CA /* [CP] Copy Pods Resources */ = {
			isa = PBXShellScriptBuildPhase;
			buildActionMask = 2147483647;
			files = (
			);
			inputPaths = (
			);
			name = "[CP] Copy Pods Resources";
			outputPaths = (
			);
			runOnlyForDeploymentPostprocessing = 0;
			shellPath = /bin/sh;
			shellScript = "\"${SRCROOT}/Pods/Target Support Files/Pods-ContatosTests/Pods-ContatosTests-resources.sh\"\n";
			showEnvVarsInLog = 0;
		};
		7850AAFDB4224525A93FB620 /* [CP] Embed Pods Frameworks */ = {
			isa = PBXShellScriptBuildPhase;
			buildActionMask = 2147483647;
			files = (
			);
			inputPaths = (
			);
			name = "[CP] Embed Pods Frameworks";
			outputPaths = (
			);
			runOnlyForDeploymentPostprocessing = 0;
			shellPath = /bin/sh;
			shellScript = "\"${SRCROOT}/Pods/Target Support Files/Pods-ContatosTests/Pods-ContatosTests-frameworks.sh\"\n";
			showEnvVarsInLog = 0;
		};
		B7A9F6365F18685CDEEA4A2E /* [CP] Copy Pods Resources */ = {
			isa = PBXShellScriptBuildPhase;
			buildActionMask = 2147483647;
			files = (
			);
			inputPaths = (
			);
			name = "[CP] Copy Pods Resources";
			outputPaths = (
			);
			runOnlyForDeploymentPostprocessing = 0;
			shellPath = /bin/sh;
			shellScript = "\"${SRCROOT}/Pods/Target Support Files/Pods-ContatosUITests/Pods-ContatosUITests-resources.sh\"\n";
			showEnvVarsInLog = 0;
		};
		B7F10926AFB90B32A022E32D /* [CP] Copy Pods Resources */ = {
			isa = PBXShellScriptBuildPhase;
			buildActionMask = 2147483647;
			files = (
			);
			inputPaths = (
			);
			name = "[CP] Copy Pods Resources";
			outputPaths = (
			);
			runOnlyForDeploymentPostprocessing = 0;
			shellPath = /bin/sh;
			shellScript = "\"${SRCROOT}/Pods/Target Support Files/Pods-Contatos/Pods-Contatos-resources.sh\"\n";
			showEnvVarsInLog = 0;
		};
		D9ED61B09D2EC927639E311A /* [CP] Embed Pods Frameworks */ = {
			isa = PBXShellScriptBuildPhase;
			buildActionMask = 2147483647;
			files = (
			);
			inputPaths = (
			);
			name = "[CP] Embed Pods Frameworks";
			outputPaths = (
			);
			runOnlyForDeploymentPostprocessing = 0;
			shellPath = /bin/sh;
			shellScript = "\"${SRCROOT}/Pods/Target Support Files/Pods-ContatosUITests/Pods-ContatosUITests-frameworks.sh\"\n";
			showEnvVarsInLog = 0;
		};
		F13B509A1796FE3DB244B52E /* [CP] Check Pods Manifest.lock */ = {
			isa = PBXShellScriptBuildPhase;
			buildActionMask = 2147483647;
			files = (
			);
			inputPaths = (
			);
			name = "[CP] Check Pods Manifest.lock";
			outputPaths = (
			);
			runOnlyForDeploymentPostprocessing = 0;
			shellPath = /bin/sh;
			shellScript = "diff \"${PODS_PODFILE_DIR_PATH}/Podfile.lock\" \"${PODS_ROOT}/Manifest.lock\" > /dev/null\nif [ $? != 0 ] ; then\n    # print error to STDERR\n    echo \"error: The sandbox is not in sync with the Podfile.lock. Run 'pod install' or update your CocoaPods installation.\" >&2\n    exit 1\nfi\n";
			showEnvVarsInLog = 0;
		};
/* End PBXShellScriptBuildPhase section */

/* Begin PBXSourcesBuildPhase section */
		854671BC20EA5ECD003125F9 /* Sources */ = {
			isa = PBXSourcesBuildPhase;
			buildActionMask = 2147483647;
			files = (
				854671F520EA9802003125F9 /* Contato.swift in Sources */,
				854671C620EA5ECE003125F9 /* ViewController.swift in Sources */,
				851B277920EF989700E637C6 /* ClimaViewController.swift in Sources */,
				85161F4C20EAA78E00377108 /* ListaContatosTableViewController.swift in Sources */,
				85161F4A20EAA00700377108 /* ContatoDAO.swift in Sources */,
				850EE4EC20EBF1D500C23F60 /* ManipulaContatoDelegate.swift in Sources */,
				854671C420EA5ECE003125F9 /* AppDelegate.swift in Sources */,
				850EE4F620EC127200C23F60 /* Strings+Localized.swift in Sources */,
				851B277D20EFBFC300E637C6 /* CLLocationCoordinate2D.swift in Sources */,
				854671CC20EA5ECE003125F9 /* Contatos.xcdatamodeld in Sources */,
				8518CECE20ED49EB00F4141E /* CelulaCustomizada.swift in Sources */,
				8518CECC20ECFB5A00F4141E /* ActionManager.swift in Sources */,
				851FAB4720EEA3D800F27859 /* CoreDataUtil.swift in Sources */,
				851B277B20EFA6CD00E637C6 /* Clima.swift in Sources */,
				851B277F20EFC94200E637C6 /* Api.swift in Sources */,
				85D17B6020ED6158002DDDDF /* MapsViewController.swift in Sources */,
			);
			runOnlyForDeploymentPostprocessing = 0;
		};
		854671D320EA5ECE003125F9 /* Sources */ = {
			isa = PBXSourcesBuildPhase;
			buildActionMask = 2147483647;
			files = (
				854671DC20EA5ECE003125F9 /* ContatosTests.swift in Sources */,
			);
			runOnlyForDeploymentPostprocessing = 0;
		};
		854671DE20EA5ECE003125F9 /* Sources */ = {
			isa = PBXSourcesBuildPhase;
			buildActionMask = 2147483647;
			files = (
				854671E720EA5ECE003125F9 /* ContatosUITests.swift in Sources */,
			);
			runOnlyForDeploymentPostprocessing = 0;
		};
/* End PBXSourcesBuildPhase section */

/* Begin PBXTargetDependency section */
		854671D920EA5ECE003125F9 /* PBXTargetDependency */ = {
			isa = PBXTargetDependency;
			target = 854671BF20EA5ECD003125F9 /* Contatos */;
			targetProxy = 854671D820EA5ECE003125F9 /* PBXContainerItemProxy */;
		};
		854671E420EA5ECE003125F9 /* PBXTargetDependency */ = {
			isa = PBXTargetDependency;
			target = 854671BF20EA5ECD003125F9 /* Contatos */;
			targetProxy = 854671E320EA5ECE003125F9 /* PBXContainerItemProxy */;
		};
/* End PBXTargetDependency section */

/* Begin PBXVariantGroup section */
		850EE4F320EC0C8300C23F60 /* Localizable.strings */ = {
			isa = PBXVariantGroup;
			children = (
				850EE4F220EC0C8300C23F60 /* en */,
				850EE4F420EC0C8700C23F60 /* pt-BR */,
			);
			name = Localizable.strings;
			sourceTree = "<group>";
		};
		8518CEC920ECF06900F4141E /* InfoPlist.strings */ = {
			isa = PBXVariantGroup;
			children = (
				8518CEC820ECF06900F4141E /* en */,
				8518CECA20ECF06A00F4141E /* pt-BR */,
			);
			name = InfoPlist.strings;
			sourceTree = "<group>";
		};
		854671C720EA5ECE003125F9 /* Main.storyboard */ = {
			isa = PBXVariantGroup;
			children = (
				854671C820EA5ECE003125F9 /* Base */,
				850EE4ED20EC0C1800C23F60 /* pt-BR */,
			);
			name = Main.storyboard;
			sourceTree = "<group>";
		};
		854671CF20EA5ECE003125F9 /* LaunchScreen.storyboard */ = {
			isa = PBXVariantGroup;
			children = (
				854671D020EA5ECE003125F9 /* Base */,
				850EE4EE20EC0C1800C23F60 /* pt-BR */,
			);
			name = LaunchScreen.storyboard;
			sourceTree = "<group>";
		};
/* End PBXVariantGroup section */

/* Begin XCBuildConfiguration section */
		854671E920EA5ECE003125F9 /* Debug */ = {
			isa = XCBuildConfiguration;
			buildSettings = {
				ALWAYS_SEARCH_USER_PATHS = NO;
				CLANG_ANALYZER_LOCALIZABILITY_NONLOCALIZED = YES;
				CLANG_ANALYZER_NONNULL = YES;
				CLANG_CXX_LANGUAGE_STANDARD = "gnu++0x";
				CLANG_CXX_LIBRARY = "libc++";
				CLANG_ENABLE_MODULES = YES;
				CLANG_ENABLE_OBJC_ARC = YES;
				CLANG_WARN_BOOL_CONVERSION = YES;
				CLANG_WARN_CONSTANT_CONVERSION = YES;
				CLANG_WARN_DIRECT_OBJC_ISA_USAGE = YES_ERROR;
				CLANG_WARN_DOCUMENTATION_COMMENTS = YES;
				CLANG_WARN_EMPTY_BODY = YES;
				CLANG_WARN_ENUM_CONVERSION = YES;
				CLANG_WARN_INFINITE_RECURSION = YES;
				CLANG_WARN_INT_CONVERSION = YES;
				CLANG_WARN_OBJC_ROOT_CLASS = YES_ERROR;
				CLANG_WARN_SUSPICIOUS_MOVES = YES;
				CLANG_WARN_UNREACHABLE_CODE = YES;
				CLANG_WARN__DUPLICATE_METHOD_MATCH = YES;
				"CODE_SIGN_IDENTITY[sdk=iphoneos*]" = "iPhone Developer";
				COPY_PHASE_STRIP = NO;
				DEBUG_INFORMATION_FORMAT = dwarf;
				ENABLE_STRICT_OBJC_MSGSEND = YES;
				ENABLE_TESTABILITY = YES;
				GCC_C_LANGUAGE_STANDARD = gnu99;
				GCC_DYNAMIC_NO_PIC = NO;
				GCC_NO_COMMON_BLOCKS = YES;
				GCC_OPTIMIZATION_LEVEL = 0;
				GCC_PREPROCESSOR_DEFINITIONS = (
					"DEBUG=1",
					"$(inherited)",
				);
				GCC_WARN_64_TO_32_BIT_CONVERSION = YES;
				GCC_WARN_ABOUT_RETURN_TYPE = YES_ERROR;
				GCC_WARN_UNDECLARED_SELECTOR = YES;
				GCC_WARN_UNINITIALIZED_AUTOS = YES_AGGRESSIVE;
				GCC_WARN_UNUSED_FUNCTION = YES;
				GCC_WARN_UNUSED_VARIABLE = YES;
				IPHONEOS_DEPLOYMENT_TARGET = 10.0;
				MTL_ENABLE_DEBUG_INFO = YES;
				ONLY_ACTIVE_ARCH = YES;
				SDKROOT = iphoneos;
				SWIFT_ACTIVE_COMPILATION_CONDITIONS = DEBUG;
				SWIFT_OPTIMIZATION_LEVEL = "-Onone";
				TARGETED_DEVICE_FAMILY = "1,2";
			};
			name = Debug;
		};
		854671EA20EA5ECE003125F9 /* Release */ = {
			isa = XCBuildConfiguration;
			buildSettings = {
				ALWAYS_SEARCH_USER_PATHS = NO;
				CLANG_ANALYZER_LOCALIZABILITY_NONLOCALIZED = YES;
				CLANG_ANALYZER_NONNULL = YES;
				CLANG_CXX_LANGUAGE_STANDARD = "gnu++0x";
				CLANG_CXX_LIBRARY = "libc++";
				CLANG_ENABLE_MODULES = YES;
				CLANG_ENABLE_OBJC_ARC = YES;
				CLANG_WARN_BOOL_CONVERSION = YES;
				CLANG_WARN_CONSTANT_CONVERSION = YES;
				CLANG_WARN_DIRECT_OBJC_ISA_USAGE = YES_ERROR;
				CLANG_WARN_DOCUMENTATION_COMMENTS = YES;
				CLANG_WARN_EMPTY_BODY = YES;
				CLANG_WARN_ENUM_CONVERSION = YES;
				CLANG_WARN_INFINITE_RECURSION = YES;
				CLANG_WARN_INT_CONVERSION = YES;
				CLANG_WARN_OBJC_ROOT_CLASS = YES_ERROR;
				CLANG_WARN_SUSPICIOUS_MOVES = YES;
				CLANG_WARN_UNREACHABLE_CODE = YES;
				CLANG_WARN__DUPLICATE_METHOD_MATCH = YES;
				"CODE_SIGN_IDENTITY[sdk=iphoneos*]" = "iPhone Developer";
				COPY_PHASE_STRIP = NO;
				DEBUG_INFORMATION_FORMAT = "dwarf-with-dsym";
				ENABLE_NS_ASSERTIONS = NO;
				ENABLE_STRICT_OBJC_MSGSEND = YES;
				GCC_C_LANGUAGE_STANDARD = gnu99;
				GCC_NO_COMMON_BLOCKS = YES;
				GCC_WARN_64_TO_32_BIT_CONVERSION = YES;
				GCC_WARN_ABOUT_RETURN_TYPE = YES_ERROR;
				GCC_WARN_UNDECLARED_SELECTOR = YES;
				GCC_WARN_UNINITIALIZED_AUTOS = YES_AGGRESSIVE;
				GCC_WARN_UNUSED_FUNCTION = YES;
				GCC_WARN_UNUSED_VARIABLE = YES;
				IPHONEOS_DEPLOYMENT_TARGET = 10.0;
				MTL_ENABLE_DEBUG_INFO = NO;
				SDKROOT = iphoneos;
				SWIFT_OPTIMIZATION_LEVEL = "-Owholemodule";
				TARGETED_DEVICE_FAMILY = "1,2";
				VALIDATE_PRODUCT = YES;
			};
			name = Release;
		};
		854671EC20EA5ECE003125F9 /* Debug */ = {
			isa = XCBuildConfiguration;
			baseConfigurationReference = 70DF7B856E93952EE735F44C /* Pods-Contatos.debug.xcconfig */;
			buildSettings = {
				ASSETCATALOG_COMPILER_APPICON_NAME = AppIcon;
				INFOPLIST_FILE = Contatos/Info.plist;
				LD_RUNPATH_SEARCH_PATHS = "$(inherited) @executable_path/Frameworks";
				PRODUCT_BUNDLE_IDENTIFIER = ios7649.Contatos;
				PRODUCT_NAME = "$(TARGET_NAME)";
				SWIFT_VERSION = 3.0;
			};
			name = Debug;
		};
		854671ED20EA5ECE003125F9 /* Release */ = {
			isa = XCBuildConfiguration;
			baseConfigurationReference = 94CF521E54E1B662BA262BF9 /* Pods-Contatos.release.xcconfig */;
			buildSettings = {
				ASSETCATALOG_COMPILER_APPICON_NAME = AppIcon;
				INFOPLIST_FILE = Contatos/Info.plist;
				LD_RUNPATH_SEARCH_PATHS = "$(inherited) @executable_path/Frameworks";
				PRODUCT_BUNDLE_IDENTIFIER = ios7649.Contatos;
				PRODUCT_NAME = "$(TARGET_NAME)";
				SWIFT_VERSION = 3.0;
			};
			name = Release;
		};
		854671EF20EA5ECE003125F9 /* Debug */ = {
			isa = XCBuildConfiguration;
			baseConfigurationReference = 1046A05E1722C84B411A9BD7 /* Pods-ContatosTests.debug.xcconfig */;
			buildSettings = {
				ALWAYS_EMBED_SWIFT_STANDARD_LIBRARIES = YES;
				BUNDLE_LOADER = "$(TEST_HOST)";
				INFOPLIST_FILE = ContatosTests/Info.plist;
				LD_RUNPATH_SEARCH_PATHS = "$(inherited) @executable_path/Frameworks @loader_path/Frameworks";
				PRODUCT_BUNDLE_IDENTIFIER = ios7649.ContatosTests;
				PRODUCT_NAME = "$(TARGET_NAME)";
				SWIFT_VERSION = 3.0;
				TEST_HOST = "$(BUILT_PRODUCTS_DIR)/Contatos.app/Contatos";
			};
			name = Debug;
		};
		854671F020EA5ECE003125F9 /* Release */ = {
			isa = XCBuildConfiguration;
			baseConfigurationReference = CD491F732FAEF5084B09087A /* Pods-ContatosTests.release.xcconfig */;
			buildSettings = {
				ALWAYS_EMBED_SWIFT_STANDARD_LIBRARIES = YES;
				BUNDLE_LOADER = "$(TEST_HOST)";
				INFOPLIST_FILE = ContatosTests/Info.plist;
				LD_RUNPATH_SEARCH_PATHS = "$(inherited) @executable_path/Frameworks @loader_path/Frameworks";
				PRODUCT_BUNDLE_IDENTIFIER = ios7649.ContatosTests;
				PRODUCT_NAME = "$(TARGET_NAME)";
				SWIFT_VERSION = 3.0;
				TEST_HOST = "$(BUILT_PRODUCTS_DIR)/Contatos.app/Contatos";
			};
			name = Release;
		};
		854671F220EA5ECE003125F9 /* Debug */ = {
			isa = XCBuildConfiguration;
			baseConfigurationReference = A655F9EA05981F13CB19BDB0 /* Pods-ContatosUITests.debug.xcconfig */;
			buildSettings = {
				ALWAYS_EMBED_SWIFT_STANDARD_LIBRARIES = YES;
				INFOPLIST_FILE = ContatosUITests/Info.plist;
				LD_RUNPATH_SEARCH_PATHS = "$(inherited) @executable_path/Frameworks @loader_path/Frameworks";
				PRODUCT_BUNDLE_IDENTIFIER = ios7649.ContatosUITests;
				PRODUCT_NAME = "$(TARGET_NAME)";
				SWIFT_VERSION = 3.0;
				TEST_TARGET_NAME = Contatos;
			};
			name = Debug;
		};
		854671F320EA5ECE003125F9 /* Release */ = {
			isa = XCBuildConfiguration;
			baseConfigurationReference = A1290F42667B421064450259 /* Pods-ContatosUITests.release.xcconfig */;
			buildSettings = {
				ALWAYS_EMBED_SWIFT_STANDARD_LIBRARIES = YES;
				INFOPLIST_FILE = ContatosUITests/Info.plist;
				LD_RUNPATH_SEARCH_PATHS = "$(inherited) @executable_path/Frameworks @loader_path/Frameworks";
				PRODUCT_BUNDLE_IDENTIFIER = ios7649.ContatosUITests;
				PRODUCT_NAME = "$(TARGET_NAME)";
				SWIFT_VERSION = 3.0;
				TEST_TARGET_NAME = Contatos;
			};
			name = Release;
		};
/* End XCBuildConfiguration section */

/* Begin XCConfigurationList section */
		854671BB20EA5ECD003125F9 /* Build configuration list for PBXProject "Contatos" */ = {
			isa = XCConfigurationList;
			buildConfigurations = (
				854671E920EA5ECE003125F9 /* Debug */,
				854671EA20EA5ECE003125F9 /* Release */,
			);
			defaultConfigurationIsVisible = 0;
			defaultConfigurationName = Release;
		};
		854671EB20EA5ECE003125F9 /* Build configuration list for PBXNativeTarget "Contatos" */ = {
			isa = XCConfigurationList;
			buildConfigurations = (
				854671EC20EA5ECE003125F9 /* Debug */,
				854671ED20EA5ECE003125F9 /* Release */,
			);
			defaultConfigurationIsVisible = 0;
			defaultConfigurationName = Release;
		};
		854671EE20EA5ECE003125F9 /* Build configuration list for PBXNativeTarget "ContatosTests" */ = {
			isa = XCConfigurationList;
			buildConfigurations = (
				854671EF20EA5ECE003125F9 /* Debug */,
				854671F020EA5ECE003125F9 /* Release */,
			);
			defaultConfigurationIsVisible = 0;
			defaultConfigurationName = Release;
		};
		854671F120EA5ECE003125F9 /* Build configuration list for PBXNativeTarget "ContatosUITests" */ = {
			isa = XCConfigurationList;
			buildConfigurations = (
				854671F220EA5ECE003125F9 /* Debug */,
				854671F320EA5ECE003125F9 /* Release */,
			);
			defaultConfigurationIsVisible = 0;
			defaultConfigurationName = Release;
		};
/* End XCConfigurationList section */

/* Begin XCVersionGroup section */
		854671CA20EA5ECE003125F9 /* Contatos.xcdatamodeld */ = {
			isa = XCVersionGroup;
			children = (
				854671CB20EA5ECE003125F9 /* Contatos.xcdatamodel */,
			);
			currentVersion = 854671CB20EA5ECE003125F9 /* Contatos.xcdatamodel */;
			path = Contatos.xcdatamodeld;
			sourceTree = "<group>";
			versionGroupType = wrapper.xcdatamodel;
		};
/* End XCVersionGroup section */
	};
	rootObject = 854671B820EA5ECC003125F9 /* Project object */;
}
